
Microsoft Visual Studio Solution File, Format Version 12.00
# Visual Studio Version 17
VisualStudioVersion = 17.0.31903.59
MinimumVisualStudioVersion = 10.0.40219.1
Project("{FAE04EC0-301F-11D3-BF4B-00C04F79EFBC}") = "Fina.Api", "Fina.Api\Fina.Api.csproj", "{FCE9CB5A-4251-4B2D-9440-3063541710E7}"
EndProject
Project("{FAE04EC0-301F-11D3-BF4B-00C04F79EFBC}") = "Fina.Core", "Fina.Core\Fina.Core.csproj", "{581B27B9-E5A6-4D7A-BC75-C247F91C48CF}"
EndProject
Project("{FAE04EC0-301F-11D3-BF4B-00C04F79EFBC}") = "Fina.Web", "Fina.Web\Fina.Web.csproj", "{B2B1A3EC-1DA6-4DD9-941E-15601575C7C2}"
EndProject
Global
	GlobalSection(SolutionConfigurationPlatforms) = preSolution
		Debug|Any CPU = Debug|Any CPU
		Debug|x64 = Debug|x64
		Debug|x86 = Debug|x86
		Release|Any CPU = Release|Any CPU
		Release|x64 = Release|x64
		Release|x86 = Release|x86
	EndGlobalSection
	GlobalSection(ProjectConfigurationPlatforms) = postSolution
		{FCE9CB5A-4251-4B2D-9440-3063541710E7}.Debug|Any CPU.ActiveCfg = Debug|Any CPU
		{FCE9CB5A-4251-4B2D-9440-3063541710E7}.Debug|Any CPU.Build.0 = Debug|Any CPU
		{FCE9CB5A-4251-4B2D-9440-3063541710E7}.Debug|x64.ActiveCfg = Debug|Any CPU
		{FCE9CB5A-4251-4B2D-9440-3063541710E7}.Debug|x64.Build.0 = Debug|Any CPU
		{FCE9CB5A-4251-4B2D-9440-3063541710E7}.Debug|x86.ActiveCfg = Debug|Any CPU
		{FCE9CB5A-4251-4B2D-9440-3063541710E7}.Debug|x86.Build.0 = Debug|Any CPU
		{FCE9CB5A-4251-4B2D-9440-3063541710E7}.Release|Any CPU.ActiveCfg = Release|Any CPU
		{FCE9CB5A-4251-4B2D-9440-3063541710E7}.Release|Any CPU.Build.0 = Release|Any CPU
		{FCE9CB5A-4251-4B2D-9440-3063541710E7}.Release|x64.ActiveCfg = Release|Any CPU
		{FCE9CB5A-4251-4B2D-9440-3063541710E7}.Release|x64.Build.0 = Release|Any CPU
		{FCE9CB5A-4251-4B2D-9440-3063541710E7}.Release|x86.ActiveCfg = Release|Any CPU
		{FCE9CB5A-4251-4B2D-9440-3063541710E7}.Release|x86.Build.0 = Release|Any CPU
		{581B27B9-E5A6-4D7A-BC75-C247F91C48CF}.Debug|Any CPU.ActiveCfg = Debug|Any CPU
		{581B27B9-E5A6-4D7A-BC75-C247F91C48CF}.Debug|Any CPU.Build.0 = Debug|Any CPU
		{581B27B9-E5A6-4D7A-BC75-C247F91C48CF}.Debug|x64.ActiveCfg = Debug|Any CPU
		{581B27B9-E5A6-4D7A-BC75-C247F91C48CF}.Debug|x64.Build.0 = Debug|Any CPU
		{581B27B9-E5A6-4D7A-BC75-C247F91C48CF}.Debug|x86.ActiveCfg = Debug|Any CPU
		{581B27B9-E5A6-4D7A-BC75-C247F91C48CF}.Debug|x86.Build.0 = Debug|Any CPU
		{581B27B9-E5A6-4D7A-BC75-C247F91C48CF}.Release|Any CPU.ActiveCfg = Release|Any CPU
		{581B27B9-E5A6-4D7A-BC75-C247F91C48CF}.Release|Any CPU.Build.0 = Release|Any CPU
		{581B27B9-E5A6-4D7A-BC75-C247F91C48CF}.Release|x64.ActiveCfg = Release|Any CPU
		{581B27B9-E5A6-4D7A-BC75-C247F91C48CF}.Release|x64.Build.0 = Release|Any CPU
		{581B27B9-E5A6-4D7A-BC75-C247F91C48CF}.Release|x86.ActiveCfg = Release|Any CPU
		{581B27B9-E5A6-4D7A-BC75-C247F91C48CF}.Release|x86.Build.0 = Release|Any CPU
		{B2B1A3EC-1DA6-4DD9-941E-15601575C7C2}.Debug|Any CPU.ActiveCfg = Debug|Any CPU
		{B2B1A3EC-1DA6-4DD9-941E-15601575C7C2}.Debug|Any CPU.Build.0 = Debug|Any CPU
		{B2B1A3EC-1DA6-4DD9-941E-15601575C7C2}.Debug|x64.ActiveCfg = Debug|Any CPU
		{B2B1A3EC-1DA6-4DD9-941E-15601575C7C2}.Debug|x64.Build.0 = Debug|Any CPU
		{B2B1A3EC-1DA6-4DD9-941E-15601575C7C2}.Debug|x86.ActiveCfg = Debug|Any CPU
		{B2B1A3EC-1DA6-4DD9-941E-15601575C7C2}.Debug|x86.Build.0 = Debug|Any CPU
		{B2B1A3EC-1DA6-4DD9-941E-15601575C7C2}.Release|Any CPU.ActiveCfg = Release|Any CPU
		{B2B1A3EC-1DA6-4DD9-941E-15601575C7C2}.Release|Any CPU.Build.0 = Release|Any CPU
		{B2B1A3EC-1DA6-4DD9-941E-15601575C7C2}.Release|x64.ActiveCfg = Release|Any CPU
		{B2B1A3EC-1DA6-4DD9-941E-15601575C7C2}.Release|x64.Build.0 = Release|Any CPU
		{B2B1A3EC-1DA6-4DD9-941E-15601575C7C2}.Release|x86.ActiveCfg = Release|Any CPU
		{B2B1A3EC-1DA6-4DD9-941E-15601575C7C2}.Release|x86.Build.0 = Release|Any CPU
	EndGlobalSection
	GlobalSection(SolutionProperties) = preSolution
		HideSolutionNode = FALSE
	EndGlobalSection
EndGlobal
